lockfile_version: '1'
generated_at: '2026-06-01T01:13:12.832761+00:00'
apm_version: 0.16.0
dependencies:
- repo_url: _local/apm-review-panel
  package_type: hybrid
  source: local
  local_path: ./packages/apm-review-panel
- repo_url: _local/batch-bug-shepherd
  package_type: apm_package
  deployed_files:
  - copilot-app-db://workflows/apm--_local--batch-bug-shepherd--batch-bug-shepherd
  source: local
  local_path: ./packages/batch-bug-shepherd
